hash: 93d7c4be84e8aa87c9bc8de33604b45fd643db97603bfd4dece4983729a10580
updated: 2017-08-18T21:25:42.407940648+01:00
imports:
- name: github.com/bmatcuk/doublestar
  version: dd6a6f0a8cdfaaa88b08cf26cf1bc7d69003ee13
- name: github.com/charlievieth/fs
  version: 7dc373669fa10ddf827c37c595dee30a2f001be9
- name: github.com/cloudfoundry-incubator/kubo-deployment
  version: 1dbb3975fd094c2cbb1293ebf3556fd5e85b2df3
- name: github.com/cloudfoundry/bosh-cli
  version: b6a3c1f44a39ace1e5b507290c218c44b5d6fe35
  subpackages:
  - director/template
- name: github.com/cloudfoundry/bosh-utils
  version: 3116dcc64bb16f5f0c61360f6e93c1d5305eff61
  subpackages:
  - errors
  - logger
  - system
- name: github.com/cppforlife/go-patch
  version: d9e51bef8eda190cdbac94dddd3c304080774726
  subpackages:
  - patch
- name: github.com/onsi/ginkgo
  version: 8382b23d18dbaaff8e5f7e83784c53ebb8ec2f47
- name: github.com/onsi/gomega
  version: c893efa28eb45626cdaa76c9f653b62488858837
- name: github.com/pivotal-cf/on-demand-services-sdk
  version: 83eb5c00e7195e469f13085469b6321d20bb1db8
  subpackages:
  - bosh
  - serviceadapter
- name: gopkg.in/go-playground/validator.v8
  version: 5f57d2222ad794d0dffb07e664ea05e2ee07d60c
- name: gopkg.in/yaml.v2
  version: eb3733d160e74a9c7e442f435eb3bea458e1d19f
testImports: []
