hash: 0256a3efabf474e1c033ff79ec6bf25ff3563db0dfa587ec17ad4b61ef9efd44
updated: 2017-08-18T20:45:49.246270285+01:00
imports:
- name: github.com/bmatcuk/doublestar
  version: dd6a6f0a8cdfaaa88b08cf26cf1bc7d69003ee13
- name: github.com/charlievieth/fs
  version: 7dc373669fa10ddf827c37c595dee30a2f001be9
- name: github.com/cloudfoundry-incubator/kubo-deployment
  version: 1dbb3975fd094c2cbb1293ebf3556fd5e85b2df3
- name: github.com/cloudfoundry/bosh-cli
  version: b6a3c1f44a39ace1e5b507290c218c44b5d6fe35
  subpackages:
  - director/template
- name: github.com/cloudfoundry/bosh-utils
  version: 3116dcc64bb16f5f0c61360f6e93c1d5305eff61
  subpackages:
  - errors
  - logger
  - system
- name: github.com/cppforlife/go-patch
  version: d9e51bef8eda190cdbac94dddd3c304080774726
  subpackages:
  - patch
- name: github.com/pivotal-cf/on-demand-services-sdk
  version: 81cda5d89ac5d38d54f4d6fe1aadaee8041da185
  subpackages:
  - bosh
- name: gopkg.in/yaml.v2
  version: eb3733d160e74a9c7e442f435eb3bea458e1d19f
testImports: []
